
Microsoft Visual Studio Solution File, Format Version 12.00
# Visual Studio 2013
VisualStudioVersion = 12.0.31101.0
MinimumVisualStudioVersion = 10.0.40219.1
Project("{FAE04EC0-301F-11D3-BF4B-00C04F79EFBC}") = "AdamS.OnlineStore", "AdamS.StoreTemp\AdamS.OnlineStore.csproj", "{2483C6B7-868C-46F3-A815-7FDBA0059D4C}"
EndProject
Project("{FAE04EC0-301F-11D3-BF4B-00C04F79EFBC}") = "AdamS.OnlineStore.Tests.Unit", "AdamS.StoreTemp.Tests.Unit\AdamS.OnlineStore.Tests.Unit.csproj", "{1A822C7A-5897-4356-8777-F902E2D5D940}"
EndProject
Project("{FAE04EC0-301F-11D3-BF4B-00C04F79EFBC}") = "AdamS.Domain", "AdamS.Domain\AdamS.Domain.csproj", "{C2B96873-5541-46A7-8D30-5AB872C39F50}"
EndProject
Project("{FAE04EC0-301F-11D3-BF4B-00C04F79EFBC}") = "AdamS.RepositoryInterfaces", "AdamS.RepositoryInterfaces\AdamS.RepositoryInterfaces.csproj", "{220CDBDC-EF9C-4F71-9197-814D7C40F65C}"
EndProject
Project("{FAE04EC0-301F-11D3-BF4B-00C04F79EFBC}") = "AdamS.SQLData", "AdamS.SQLData\AdamS.SQLData.csproj", "{A0581B31-60F2-452B-9EDB-1B84E00A840E}"
EndProject
Project("{FAE04EC0-301F-11D3-BF4B-00C04F79EFBC}") = "AdamS.OnlineStore.DependencyResolverWeb", "AdamS.OnlineStore.DependencyResolverWeb\AdamS.OnlineStore.DependencyResolverWeb.csproj", "{122CA855-9543-42D9-B9F4-DA62CAE2F7A5}"
EndProject
Project("{2150E333-8FDC-42A3-9474-1A3956D46DE8}") = "1 Clients", "1 Clients", "{6C1DF5D2-834F-43AA-A598-B446A663E74D}"
EndProject
Project("{2150E333-8FDC-42A3-9474-1A3956D46DE8}") = "2 Business Interfaces", "2 Business Interfaces", "{A731C536-1840-4E22-AD87-71D3AB7D6603}"
EndProject
Project("{2150E333-8FDC-42A3-9474-1A3956D46DE8}") = "3 Respository Interfaces", "3 Respository Interfaces", "{53BFE171-5C92-40FF-8E4B-A1A717964749}"
EndProject
Project("{2150E333-8FDC-42A3-9474-1A3956D46DE8}") = "4 Domain", "4 Domain", "{3A4E86E7-32F8-421E-B6D6-3CAA99B9A64A}"
EndProject
Project("{2150E333-8FDC-42A3-9474-1A3956D46DE8}") = "5 DepdencyResolver", "5 DepdencyResolver", "{758EA21C-28AE-4B55-A680-888C7593835A}"
EndProject
Project("{2150E333-8FDC-42A3-9474-1A3956D46DE8}") = "6 Dependencies", "6 Dependencies", "{79FFF11E-B7F2-4E76-BC83-5818DBD315D5}"
EndProject
Project("{FAE04EC0-301F-11D3-BF4B-00C04F79EFBC}") = "AdamS.OnlineStore.Business", "AdamS.OnlineStore.Business\AdamS.OnlineStore.Business.csproj", "{17224D03-B696-4929-A2BB-38DF10213722}"
EndProject
Project("{FAE04EC0-301F-11D3-BF4B-00C04F79EFBC}") = "AdamS.OnlineStore.BusinessInterfaces", "AdamS.OnlineStore.BusinessInterfaces\AdamS.OnlineStore.BusinessInterfaces.csproj", "{2DDC6269-A14D-4469-82B6-C79F0B3E5A61}"
EndProject
Project("{FAE04EC0-301F-11D3-BF4B-00C04F79EFBC}") = "AdamS.EmailSender", "AdamS.EmailSender\AdamS.EmailSender.csproj", "{E945FB22-E847-4BD8-8A91-E23ABD29F3C6}"
EndProject
Project("{FAE04EC0-301F-11D3-BF4B-00C04F79EFBC}") = "AdamS.SimpleSMS", "AdamS.SimpleSMS\AdamS.SimpleSMS.csproj", "{205A216E-C653-4BDE-ADD0-C55CF820A4ED}"
EndProject
Global
	GlobalSection(SolutionConfigurationPlatforms) = preSolution
		Debug|Any CPU = Debug|Any CPU
		Release|Any CPU = Release|Any CPU
	EndGlobalSection
	GlobalSection(ProjectConfigurationPlatforms) = postSolution
		{2483C6B7-868C-46F3-A815-7FDBA0059D4C}.Debug|Any CPU.ActiveCfg = Debug|Any CPU
		{2483C6B7-868C-46F3-A815-7FDBA0059D4C}.Debug|Any CPU.Build.0 = Debug|Any CPU
		{2483C6B7-868C-46F3-A815-7FDBA0059D4C}.Release|Any CPU.ActiveCfg = Release|Any CPU
		{2483C6B7-868C-46F3-A815-7FDBA0059D4C}.Release|Any CPU.Build.0 = Release|Any CPU
		{1A822C7A-5897-4356-8777-F902E2D5D940}.Debug|Any CPU.ActiveCfg = Debug|Any CPU
		{1A822C7A-5897-4356-8777-F902E2D5D940}.Debug|Any CPU.Build.0 = Debug|Any CPU
		{1A822C7A-5897-4356-8777-F902E2D5D940}.Release|Any CPU.ActiveCfg = Release|Any CPU
		{1A822C7A-5897-4356-8777-F902E2D5D940}.Release|Any CPU.Build.0 = Release|Any CPU
		{C2B96873-5541-46A7-8D30-5AB872C39F50}.Debug|Any CPU.ActiveCfg = Debug|Any CPU
		{C2B96873-5541-46A7-8D30-5AB872C39F50}.Debug|Any CPU.Build.0 = Debug|Any CPU
		{C2B96873-5541-46A7-8D30-5AB872C39F50}.Release|Any CPU.ActiveCfg = Release|Any CPU
		{C2B96873-5541-46A7-8D30-5AB872C39F50}.Release|Any CPU.Build.0 = Release|Any CPU
		{220CDBDC-EF9C-4F71-9197-814D7C40F65C}.Debug|Any CPU.ActiveCfg = Debug|Any CPU
		{220CDBDC-EF9C-4F71-9197-814D7C40F65C}.Debug|Any CPU.Build.0 = Debug|Any CPU
		{220CDBDC-EF9C-4F71-9197-814D7C40F65C}.Release|Any CPU.ActiveCfg = Release|Any CPU
		{220CDBDC-EF9C-4F71-9197-814D7C40F65C}.Release|Any CPU.Build.0 = Release|Any CPU
		{A0581B31-60F2-452B-9EDB-1B84E00A840E}.Debug|Any CPU.ActiveCfg = Debug|Any CPU
		{A0581B31-60F2-452B-9EDB-1B84E00A840E}.Debug|Any CPU.Build.0 = Debug|Any CPU
		{A0581B31-60F2-452B-9EDB-1B84E00A840E}.Release|Any CPU.ActiveCfg = Release|Any CPU
		{A0581B31-60F2-452B-9EDB-1B84E00A840E}.Release|Any CPU.Build.0 = Release|Any CPU
		{122CA855-9543-42D9-B9F4-DA62CAE2F7A5}.Debug|Any CPU.ActiveCfg = Debug|Any CPU
		{122CA855-9543-42D9-B9F4-DA62CAE2F7A5}.Debug|Any CPU.Build.0 = Debug|Any CPU
		{122CA855-9543-42D9-B9F4-DA62CAE2F7A5}.Release|Any CPU.ActiveCfg = Release|Any CPU
		{122CA855-9543-42D9-B9F4-DA62CAE2F7A5}.Release|Any CPU.Build.0 = Release|Any CPU
		{17224D03-B696-4929-A2BB-38DF10213722}.Debug|Any CPU.ActiveCfg = Debug|Any CPU
		{17224D03-B696-4929-A2BB-38DF10213722}.Debug|Any CPU.Build.0 = Debug|Any CPU
		{17224D03-B696-4929-A2BB-38DF10213722}.Release|Any CPU.ActiveCfg = Release|Any CPU
		{17224D03-B696-4929-A2BB-38DF10213722}.Release|Any CPU.Build.0 = Release|Any CPU
		{2DDC6269-A14D-4469-82B6-C79F0B3E5A61}.Debug|Any CPU.ActiveCfg = Debug|Any CPU
		{2DDC6269-A14D-4469-82B6-C79F0B3E5A61}.Debug|Any CPU.Build.0 = Debug|Any CPU
		{2DDC6269-A14D-4469-82B6-C79F0B3E5A61}.Release|Any CPU.ActiveCfg = Release|Any CPU
		{2DDC6269-A14D-4469-82B6-C79F0B3E5A61}.Release|Any CPU.Build.0 = Release|Any CPU
		{E945FB22-E847-4BD8-8A91-E23ABD29F3C6}.Debug|Any CPU.ActiveCfg = Debug|Any CPU
		{E945FB22-E847-4BD8-8A91-E23ABD29F3C6}.Debug|Any CPU.Build.0 = Debug|Any CPU
		{E945FB22-E847-4BD8-8A91-E23ABD29F3C6}.Release|Any CPU.ActiveCfg = Release|Any CPU
		{E945FB22-E847-4BD8-8A91-E23ABD29F3C6}.Release|Any CPU.Build.0 = Release|Any CPU
		{205A216E-C653-4BDE-ADD0-C55CF820A4ED}.Debug|Any CPU.ActiveCfg = Debug|Any CPU
		{205A216E-C653-4BDE-ADD0-C55CF820A4ED}.Debug|Any CPU.Build.0 = Debug|Any CPU
		{205A216E-C653-4BDE-ADD0-C55CF820A4ED}.Release|Any CPU.ActiveCfg = Release|Any CPU
		{205A216E-C653-4BDE-ADD0-C55CF820A4ED}.Release|Any CPU.Build.0 = Release|Any CPU
	EndGlobalSection
	GlobalSection(SolutionProperties) = preSolution
		HideSolutionNode = FALSE
	EndGlobalSection
	GlobalSection(NestedProjects) = preSolution
		{2483C6B7-868C-46F3-A815-7FDBA0059D4C} = {6C1DF5D2-834F-43AA-A598-B446A663E74D}
		{1A822C7A-5897-4356-8777-F902E2D5D940} = {6C1DF5D2-834F-43AA-A598-B446A663E74D}
		{C2B96873-5541-46A7-8D30-5AB872C39F50} = {3A4E86E7-32F8-421E-B6D6-3CAA99B9A64A}
		{220CDBDC-EF9C-4F71-9197-814D7C40F65C} = {53BFE171-5C92-40FF-8E4B-A1A717964749}
		{A0581B31-60F2-452B-9EDB-1B84E00A840E} = {79FFF11E-B7F2-4E76-BC83-5818DBD315D5}
		{122CA855-9543-42D9-B9F4-DA62CAE2F7A5} = {758EA21C-28AE-4B55-A680-888C7593835A}
		{17224D03-B696-4929-A2BB-38DF10213722} = {79FFF11E-B7F2-4E76-BC83-5818DBD315D5}
		{2DDC6269-A14D-4469-82B6-C79F0B3E5A61} = {A731C536-1840-4E22-AD87-71D3AB7D6603}
		{E945FB22-E847-4BD8-8A91-E23ABD29F3C6} = {79FFF11E-B7F2-4E76-BC83-5818DBD315D5}
		{205A216E-C653-4BDE-ADD0-C55CF820A4ED} = {79FFF11E-B7F2-4E76-BC83-5818DBD315D5}
	EndGlobalSection
EndGlobal
