
Microsoft Visual Studio Solution File, Format Version 12.00
# Visual Studio 2013
VisualStudioVersion = 12.0.31101.0
MinimumVisualStudioVersion = 10.0.40219.1
Project("{FAE04EC0-301F-11D3-BF4B-00C04F79EFBC}") = "AdamS.OnlineStore", "AdamS.StoreTemp\AdamS.OnlineStore.csproj", "{2483C6B7-868C-46F3-A815-7FDBA0059D4C}"
EndProject
Project("{2150E333-8FDC-42A3-9474-1A3956D46DE8}") = "1 Clients", "1 Clients", "{6C1DF5D2-834F-43AA-A598-B446A663E74D}"
EndProject
Global
	GlobalSection(SolutionConfigurationPlatforms) = preSolution
		Debug|Any CPU = Debug|Any CPU
		Release|Any CPU = Release|Any CPU
	EndGlobalSection
	GlobalSection(ProjectConfigurationPlatforms) = postSolution
		{2483C6B7-868C-46F3-A815-7FDBA0059D4C}.Debug|Any CPU.ActiveCfg = Debug|Any CPU
		{2483C6B7-868C-46F3-A815-7FDBA0059D4C}.Debug|Any CPU.Build.0 = Debug|Any CPU
		{2483C6B7-868C-46F3-A815-7FDBA0059D4C}.Release|Any CPU.ActiveCfg = Release|Any CPU
		{2483C6B7-868C-46F3-A815-7FDBA0059D4C}.Release|Any CPU.Build.0 = Release|Any CPU
	EndGlobalSection
	GlobalSection(SolutionProperties) = preSolution
		HideSolutionNode = FALSE
	EndGlobalSection
	GlobalSection(NestedProjects) = preSolution
		{2483C6B7-868C-46F3-A815-7FDBA0059D4C} = {6C1DF5D2-834F-43AA-A598-B446A663E74D}
	EndGlobalSection
EndGlobal
